
Microsoft Visual Studio Solution File, Format Version 12.00
# Visual Studio 14
VisualStudioVersion = 14.0.25420.1
MinimumVisualStudioVersion = 10.0.40219.1
Project("{159641D6-6404-4A2A-AE62-294DE0FE8301}") = "ISAssignment3", "ISAssignment3\ISAssignment3.dtproj", "{04A45971-45F4-43D6-9B21-F8FE3DEE2DAF}"
EndProject
Global
	GlobalSection(SolutionConfigurationPlatforms) = preSolution
		Development|Default = Development|Default
	EndGlobalSection
	GlobalSection(ProjectConfigurationPlatforms) = postSolution
		{04A45971-45F4-43D6-9B21-F8FE3DEE2DAF}.Development|Default.ActiveCfg = Development
		{04A45971-45F4-43D6-9B21-F8FE3DEE2DAF}.Development|Default.Build.0 = Development
	EndGlobalSection
	GlobalSection(SolutionProperties) = preSolution
		HideSolutionNode = FALSE
	EndGlobalSection
EndGlobal
